
Microsoft Visual Studio Solution File, Format Version 12.00
# Visual Studio 15
VisualStudioVersion = 15.0.26430.6
MinimumVisualStudioVersion = 10.0.40219.1
Project("{D954291E-2A0B-460D-934E-DC6B0785DB48}") = "SyncFListView", "SyncFListView\SyncFListView\SyncFListView.shproj", "{A81A4333-FBCD-4763-A306-3277E927B9F7}"
EndProject
Project("{FAE04EC0-301F-11D3-BF4B-00C04F79EFBC}") = "SyncFListView.Android", "SyncFListView\SyncFListView.Android\SyncFListView.Android.csproj", "{150C9DC4-93AA-4D37-B24D-32C6BB9D315C}"
EndProject
Project("{FAE04EC0-301F-11D3-BF4B-00C04F79EFBC}") = "SyncFListView.iOS", "SyncFListView\SyncFListView.iOS\SyncFListView.iOS.csproj", "{FC196196-5147-417F-BAAC-BCBE3E99EE90}"
EndProject
Project("{FAE04EC0-301F-11D3-BF4B-00C04F79EFBC}") = "SyncFListView.UWP", "SyncFListView\SyncFListView.UWP\SyncFListView.UWP.csproj", "{D7772F70-1762-4102-9083-444112B52657}"
EndProject
Global
	GlobalSection(SharedMSBuildProjectFiles) = preSolution
		SyncFListView\SyncFListView\SyncFListView.projitems*{150c9dc4-93aa-4d37-b24d-32c6bb9d315c}*SharedItemsImports = 4
		SyncFListView\SyncFListView\SyncFListView.projitems*{a81a4333-fbcd-4763-a306-3277e927b9f7}*SharedItemsImports = 13
		SyncFListView\SyncFListView\SyncFListView.projitems*{fc196196-5147-417f-baac-bcbe3e99ee90}*SharedItemsImports = 4
	EndGlobalSection
	GlobalSection(SolutionConfigurationPlatforms) = preSolution
		Ad-Hoc|Any CPU = Ad-Hoc|Any CPU
		Ad-Hoc|ARM = Ad-Hoc|ARM
		Ad-Hoc|iPhone = Ad-Hoc|iPhone
		Ad-Hoc|iPhoneSimulator = Ad-Hoc|iPhoneSimulator
		Ad-Hoc|x64 = Ad-Hoc|x64
		Ad-Hoc|x86 = Ad-Hoc|x86
		AppStore|Any CPU = AppStore|Any CPU
		AppStore|ARM = AppStore|ARM
		AppStore|iPhone = AppStore|iPhone
		AppStore|iPhoneSimulator = AppStore|iPhoneSimulator
		AppStore|x64 = AppStore|x64
		AppStore|x86 = AppStore|x86
		Debug|Any CPU = Debug|Any CPU
		Debug|ARM = Debug|ARM
		Debug|iPhone = Debug|iPhone
		Debug|iPhoneSimulator = Debug|iPhoneSimulator
		Debug|x64 = Debug|x64
		Debug|x86 = Debug|x86
		Release|Any CPU = Release|Any CPU
		Release|ARM = Release|ARM
		Release|iPhone = Release|iPhone
		Release|iPhoneSimulator = Release|iPhoneSimulator
		Release|x64 = Release|x64
		Release|x86 = Release|x86
	EndGlobalSection
	GlobalSection(ProjectConfigurationPlatforms) = postSolution
		{150C9DC4-93AA-4D37-B24D-32C6BB9D315C}.Ad-Hoc|Any CPU.ActiveCfg = Release|Any CPU
		{150C9DC4-93AA-4D37-B24D-32C6BB9D315C}.Ad-Hoc|Any CPU.Build.0 = Release|Any CPU
		{150C9DC4-93AA-4D37-B24D-32C6BB9D315C}.Ad-Hoc|Any CPU.Deploy.0 = Release|Any CPU
		{150C9DC4-93AA-4D37-B24D-32C6BB9D315C}.Ad-Hoc|ARM.ActiveCfg = Release|Any CPU
		{150C9DC4-93AA-4D37-B24D-32C6BB9D315C}.Ad-Hoc|ARM.Build.0 = Release|Any CPU
		{150C9DC4-93AA-4D37-B24D-32C6BB9D315C}.Ad-Hoc|ARM.Deploy.0 = Release|Any CPU
		{150C9DC4-93AA-4D37-B24D-32C6BB9D315C}.Ad-Hoc|iPhone.ActiveCfg = Release|Any CPU
		{150C9DC4-93AA-4D37-B24D-32C6BB9D315C}.Ad-Hoc|iPhone.Build.0 = Release|Any CPU
		{150C9DC4-93AA-4D37-B24D-32C6BB9D315C}.Ad-Hoc|iPhone.Deploy.0 = Release|Any CPU
		{150C9DC4-93AA-4D37-B24D-32C6BB9D315C}.Ad-Hoc|iPhoneSimulator.ActiveCfg = Release|Any CPU
		{150C9DC4-93AA-4D37-B24D-32C6BB9D315C}.Ad-Hoc|iPhoneSimulator.Build.0 = Release|Any CPU
		{150C9DC4-93AA-4D37-B24D-32C6BB9D315C}.Ad-Hoc|iPhoneSimulator.Deploy.0 = Release|Any CPU
		{150C9DC4-93AA-4D37-B24D-32C6BB9D315C}.Ad-Hoc|x64.ActiveCfg = Release|Any CPU
		{150C9DC4-93AA-4D37-B24D-32C6BB9D315C}.Ad-Hoc|x64.Build.0 = Release|Any CPU
		{150C9DC4-93AA-4D37-B24D-32C6BB9D315C}.Ad-Hoc|x64.Deploy.0 = Release|Any CPU
		{150C9DC4-93AA-4D37-B24D-32C6BB9D315C}.Ad-Hoc|x86.ActiveCfg = Release|Any CPU
		{150C9DC4-93AA-4D37-B24D-32C6BB9D315C}.Ad-Hoc|x86.Build.0 = Release|Any CPU
		{150C9DC4-93AA-4D37-B24D-32C6BB9D315C}.Ad-Hoc|x86.Deploy.0 = Release|Any CPU
		{150C9DC4-93AA-4D37-B24D-32C6BB9D315C}.AppStore|Any CPU.ActiveCfg = Release|Any CPU
		{150C9DC4-93AA-4D37-B24D-32C6BB9D315C}.AppStore|Any CPU.Build.0 = Release|Any CPU
		{150C9DC4-93AA-4D37-B24D-32C6BB9D315C}.AppStore|Any CPU.Deploy.0 = Release|Any CPU
		{150C9DC4-93AA-4D37-B24D-32C6BB9D315C}.AppStore|ARM.ActiveCfg = Release|Any CPU
		{150C9DC4-93AA-4D37-B24D-32C6BB9D315C}.AppStore|ARM.Build.0 = Release|Any CPU
		{150C9DC4-93AA-4D37-B24D-32C6BB9D315C}.AppStore|ARM.Deploy.0 = Release|Any CPU
		{150C9DC4-93AA-4D37-B24D-32C6BB9D315C}.AppStore|iPhone.ActiveCfg = Release|Any CPU
		{150C9DC4-93AA-4D37-B24D-32C6BB9D315C}.AppStore|iPhone.Build.0 = Release|Any CPU
		{150C9DC4-93AA-4D37-B24D-32C6BB9D315C}.AppStore|iPhone.Deploy.0 = Release|Any CPU
		{150C9DC4-93AA-4D37-B24D-32C6BB9D315C}.AppStore|iPhoneSimulator.ActiveCfg = Release|Any CPU
		{150C9DC4-93AA-4D37-B24D-32C6BB9D315C}.AppStore|iPhoneSimulator.Build.0 = Release|Any CPU
		{150C9DC4-93AA-4D37-B24D-32C6BB9D315C}.AppStore|iPhoneSimulator.Deploy.0 = Release|Any CPU
		{150C9DC4-93AA-4D37-B24D-32C6BB9D315C}.AppStore|x64.ActiveCfg = Release|Any CPU
		{150C9DC4-93AA-4D37-B24D-32C6BB9D315C}.AppStore|x64.Build.0 = Release|Any CPU
		{150C9DC4-93AA-4D37-B24D-32C6BB9D315C}.AppStore|x64.Deploy.0 = Release|Any CPU
		{150C9DC4-93AA-4D37-B24D-32C6BB9D315C}.AppStore|x86.ActiveCfg = Release|Any CPU
		{150C9DC4-93AA-4D37-B24D-32C6BB9D315C}.AppStore|x86.Build.0 = Release|Any CPU
		{150C9DC4-93AA-4D37-B24D-32C6BB9D315C}.AppStore|x86.Deploy.0 = Release|Any CPU
		{150C9DC4-93AA-4D37-B24D-32C6BB9D315C}.Debug|Any CPU.ActiveCfg = Debug|Any CPU
		{150C9DC4-93AA-4D37-B24D-32C6BB9D315C}.Debug|Any CPU.Build.0 = Debug|Any CPU
		{150C9DC4-93AA-4D37-B24D-32C6BB9D315C}.Debug|Any CPU.Deploy.0 = Debug|Any CPU
		{150C9DC4-93AA-4D37-B24D-32C6BB9D315C}.Debug|ARM.ActiveCfg = Debug|Any CPU
		{150C9DC4-93AA-4D37-B24D-32C6BB9D315C}.Debug|ARM.Build.0 = Debug|Any CPU
		{150C9DC4-93AA-4D37-B24D-32C6BB9D315C}.Debug|ARM.Deploy.0 = Debug|Any CPU
		{150C9DC4-93AA-4D37-B24D-32C6BB9D315C}.Debug|iPhone.ActiveCfg = Debug|Any CPU
		{150C9DC4-93AA-4D37-B24D-32C6BB9D315C}.Debug|iPhone.Build.0 = Debug|Any CPU
		{150C9DC4-93AA-4D37-B24D-32C6BB9D315C}.Debug|iPhone.Deploy.0 = Debug|Any CPU
		{150C9DC4-93AA-4D37-B24D-32C6BB9D315C}.Debug|iPhoneSimulator.ActiveCfg = Debug|Any CPU
		{150C9DC4-93AA-4D37-B24D-32C6BB9D315C}.Debug|iPhoneSimulator.Build.0 = Debug|Any CPU
		{150C9DC4-93AA-4D37-B24D-32C6BB9D315C}.Debug|iPhoneSimulator.Deploy.0 = Debug|Any CPU
		{150C9DC4-93AA-4D37-B24D-32C6BB9D315C}.Debug|x64.ActiveCfg = Debug|Any CPU
		{150C9DC4-93AA-4D37-B24D-32C6BB9D315C}.Debug|x64.Build.0 = Debug|Any CPU
		{150C9DC4-93AA-4D37-B24D-32C6BB9D315C}.Debug|x64.Deploy.0 = Debug|Any CPU
		{150C9DC4-93AA-4D37-B24D-32C6BB9D315C}.Debug|x86.ActiveCfg = Debug|Any CPU
		{150C9DC4-93AA-4D37-B24D-32C6BB9D315C}.Debug|x86.Build.0 = Debug|Any CPU
		{150C9DC4-93AA-4D37-B24D-32C6BB9D315C}.Debug|x86.Deploy.0 = Debug|Any CPU
		{150C9DC4-93AA-4D37-B24D-32C6BB9D315C}.Release|Any CPU.ActiveCfg = Release|Any CPU
		{150C9DC4-93AA-4D37-B24D-32C6BB9D315C}.Release|Any CPU.Build.0 = Release|Any CPU
		{150C9DC4-93AA-4D37-B24D-32C6BB9D315C}.Release|Any CPU.Deploy.0 = Release|Any CPU
		{150C9DC4-93AA-4D37-B24D-32C6BB9D315C}.Release|ARM.ActiveCfg = Release|Any CPU
		{150C9DC4-93AA-4D37-B24D-32C6BB9D315C}.Release|ARM.Build.0 = Release|Any CPU
		{150C9DC4-93AA-4D37-B24D-32C6BB9D315C}.Release|ARM.Deploy.0 = Release|Any CPU
		{150C9DC4-93AA-4D37-B24D-32C6BB9D315C}.Release|iPhone.ActiveCfg = Release|Any CPU
		{150C9DC4-93AA-4D37-B24D-32C6BB9D315C}.Release|iPhone.Build.0 = Release|Any CPU
		{150C9DC4-93AA-4D37-B24D-32C6BB9D315C}.Release|iPhone.Deploy.0 = Release|Any CPU
		{150C9DC4-93AA-4D37-B24D-32C6BB9D315C}.Release|iPhoneSimulator.ActiveCfg = Release|Any CPU
		{150C9DC4-93AA-4D37-B24D-32C6BB9D315C}.Release|iPhoneSimulator.Build.0 = Release|Any CPU
		{150C9DC4-93AA-4D37-B24D-32C6BB9D315C}.Release|iPhoneSimulator.Deploy.0 = Release|Any CPU
		{150C9DC4-93AA-4D37-B24D-32C6BB9D315C}.Release|x64.ActiveCfg = Release|Any CPU
		{150C9DC4-93AA-4D37-B24D-32C6BB9D315C}.Release|x64.Build.0 = Release|Any CPU
		{150C9DC4-93AA-4D37-B24D-32C6BB9D315C}.Release|x64.Deploy.0 = Release|Any CPU
		{150C9DC4-93AA-4D37-B24D-32C6BB9D315C}.Release|x86.ActiveCfg = Release|Any CPU
		{150C9DC4-93AA-4D37-B24D-32C6BB9D315C}.Release|x86.Build.0 = Release|Any CPU
		{150C9DC4-93AA-4D37-B24D-32C6BB9D315C}.Release|x86.Deploy.0 = Release|Any CPU
		{FC196196-5147-417F-BAAC-BCBE3E99EE90}.Ad-Hoc|Any CPU.ActiveCfg = Ad-Hoc|iPhone
		{FC196196-5147-417F-BAAC-BCBE3E99EE90}.Ad-Hoc|ARM.ActiveCfg = Ad-Hoc|iPhone
		{FC196196-5147-417F-BAAC-BCBE3E99EE90}.Ad-Hoc|iPhone.ActiveCfg = Ad-Hoc|iPhone
		{FC196196-5147-417F-BAAC-BCBE3E99EE90}.Ad-Hoc|iPhone.Build.0 = Ad-Hoc|iPhone
		{FC196196-5147-417F-BAAC-BCBE3E99EE90}.Ad-Hoc|iPhoneSimulator.ActiveCfg = Ad-Hoc|iPhoneSimulator
		{FC196196-5147-417F-BAAC-BCBE3E99EE90}.Ad-Hoc|iPhoneSimulator.Build.0 = Ad-Hoc|iPhoneSimulator
		{FC196196-5147-417F-BAAC-BCBE3E99EE90}.Ad-Hoc|x64.ActiveCfg = Ad-Hoc|iPhone
		{FC196196-5147-417F-BAAC-BCBE3E99EE90}.Ad-Hoc|x86.ActiveCfg = Ad-Hoc|iPhone
		{FC196196-5147-417F-BAAC-BCBE3E99EE90}.AppStore|Any CPU.ActiveCfg = AppStore|iPhone
		{FC196196-5147-417F-BAAC-BCBE3E99EE90}.AppStore|ARM.ActiveCfg = AppStore|iPhone
		{FC196196-5147-417F-BAAC-BCBE3E99EE90}.AppStore|iPhone.ActiveCfg = AppStore|iPhone
		{FC196196-5147-417F-BAAC-BCBE3E99EE90}.AppStore|iPhone.Build.0 = AppStore|iPhone
		{FC196196-5147-417F-BAAC-BCBE3E99EE90}.AppStore|iPhoneSimulator.ActiveCfg = AppStore|iPhoneSimulator
		{FC196196-5147-417F-BAAC-BCBE3E99EE90}.AppStore|iPhoneSimulator.Build.0 = AppStore|iPhoneSimulator
		{FC196196-5147-417F-BAAC-BCBE3E99EE90}.AppStore|x64.ActiveCfg = AppStore|iPhone
		{FC196196-5147-417F-BAAC-BCBE3E99EE90}.AppStore|x86.ActiveCfg = AppStore|iPhone
		{FC196196-5147-417F-BAAC-BCBE3E99EE90}.Debug|Any CPU.ActiveCfg = Debug|iPhone
		{FC196196-5147-417F-BAAC-BCBE3E99EE90}.Debug|ARM.ActiveCfg = Debug|iPhone
		{FC196196-5147-417F-BAAC-BCBE3E99EE90}.Debug|iPhone.ActiveCfg = Debug|iPhone
		{FC196196-5147-417F-BAAC-BCBE3E99EE90}.Debug|iPhone.Build.0 = Debug|iPhone
		{FC196196-5147-417F-BAAC-BCBE3E99EE90}.Debug|iPhoneSimulator.ActiveCfg = Debug|iPhoneSimulator
		{FC196196-5147-417F-BAAC-BCBE3E99EE90}.Debug|iPhoneSimulator.Build.0 = Debug|iPhoneSimulator
		{FC196196-5147-417F-BAAC-BCBE3E99EE90}.Debug|x64.ActiveCfg = Debug|iPhone
		{FC196196-5147-417F-BAAC-BCBE3E99EE90}.Debug|x86.ActiveCfg = Debug|iPhone
		{FC196196-5147-417F-BAAC-BCBE3E99EE90}.Release|Any CPU.ActiveCfg = Release|iPhone
		{FC196196-5147-417F-BAAC-BCBE3E99EE90}.Release|ARM.ActiveCfg = Release|iPhone
		{FC196196-5147-417F-BAAC-BCBE3E99EE90}.Release|iPhone.ActiveCfg = Release|iPhone
		{FC196196-5147-417F-BAAC-BCBE3E99EE90}.Release|iPhone.Build.0 = Release|iPhone
		{FC196196-5147-417F-BAAC-BCBE3E99EE90}.Release|iPhoneSimulator.ActiveCfg = Release|iPhoneSimulator
		{FC196196-5147-417F-BAAC-BCBE3E99EE90}.Release|iPhoneSimulator.Build.0 = Release|iPhoneSimulator
		{FC196196-5147-417F-BAAC-BCBE3E99EE90}.Release|x64.ActiveCfg = Release|iPhone
		{FC196196-5147-417F-BAAC-BCBE3E99EE90}.Release|x86.ActiveCfg = Release|iPhone
		{D7772F70-1762-4102-9083-444112B52657}.Ad-Hoc|Any CPU.ActiveCfg = Release|x86
		{D7772F70-1762-4102-9083-444112B52657}.Ad-Hoc|Any CPU.Build.0 = Release|x86
		{D7772F70-1762-4102-9083-444112B52657}.Ad-Hoc|Any CPU.Deploy.0 = Release|x86
		{D7772F70-1762-4102-9083-444112B52657}.Ad-Hoc|ARM.ActiveCfg = Release|ARM
		{D7772F70-1762-4102-9083-444112B52657}.Ad-Hoc|ARM.Build.0 = Release|ARM
		{D7772F70-1762-4102-9083-444112B52657}.Ad-Hoc|ARM.Deploy.0 = Release|ARM
		{D7772F70-1762-4102-9083-444112B52657}.Ad-Hoc|iPhone.ActiveCfg = Release|x86
		{D7772F70-1762-4102-9083-444112B52657}.Ad-Hoc|iPhone.Build.0 = Release|x86
		{D7772F70-1762-4102-9083-444112B52657}.Ad-Hoc|iPhone.Deploy.0 = Release|x86
		{D7772F70-1762-4102-9083-444112B52657}.Ad-Hoc|iPhoneSimulator.ActiveCfg = Release|x86
		{D7772F70-1762-4102-9083-444112B52657}.Ad-Hoc|iPhoneSimulator.Build.0 = Release|x86
		{D7772F70-1762-4102-9083-444112B52657}.Ad-Hoc|iPhoneSimulator.Deploy.0 = Release|x86
		{D7772F70-1762-4102-9083-444112B52657}.Ad-Hoc|x64.ActiveCfg = Release|x64
		{D7772F70-1762-4102-9083-444112B52657}.Ad-Hoc|x64.Build.0 = Release|x64
		{D7772F70-1762-4102-9083-444112B52657}.Ad-Hoc|x64.Deploy.0 = Release|x64
		{D7772F70-1762-4102-9083-444112B52657}.Ad-Hoc|x86.ActiveCfg = Release|x86
		{D7772F70-1762-4102-9083-444112B52657}.Ad-Hoc|x86.Build.0 = Release|x86
		{D7772F70-1762-4102-9083-444112B52657}.Ad-Hoc|x86.Deploy.0 = Release|x86
		{D7772F70-1762-4102-9083-444112B52657}.AppStore|Any CPU.ActiveCfg = Release|x86
		{D7772F70-1762-4102-9083-444112B52657}.AppStore|Any CPU.Build.0 = Release|x86
		{D7772F70-1762-4102-9083-444112B52657}.AppStore|Any CPU.Deploy.0 = Release|x86
		{D7772F70-1762-4102-9083-444112B52657}.AppStore|ARM.ActiveCfg = Release|ARM
		{D7772F70-1762-4102-9083-444112B52657}.AppStore|ARM.Build.0 = Release|ARM
		{D7772F70-1762-4102-9083-444112B52657}.AppStore|ARM.Deploy.0 = Release|ARM
		{D7772F70-1762-4102-9083-444112B52657}.AppStore|iPhone.ActiveCfg = Release|x86
		{D7772F70-1762-4102-9083-444112B52657}.AppStore|iPhone.Build.0 = Release|x86
		{D7772F70-1762-4102-9083-444112B52657}.AppStore|iPhone.Deploy.0 = Release|x86
		{D7772F70-1762-4102-9083-444112B52657}.AppStore|iPhoneSimulator.ActiveCfg = Release|x86
		{D7772F70-1762-4102-9083-444112B52657}.AppStore|iPhoneSimulator.Build.0 = Release|x86
		{D7772F70-1762-4102-9083-444112B52657}.AppStore|iPhoneSimulator.Deploy.0 = Release|x86
		{D7772F70-1762-4102-9083-444112B52657}.AppStore|x64.ActiveCfg = Release|x64
		{D7772F70-1762-4102-9083-444112B52657}.AppStore|x64.Build.0 = Release|x64
		{D7772F70-1762-4102-9083-444112B52657}.AppStore|x64.Deploy.0 = Release|x64
		{D7772F70-1762-4102-9083-444112B52657}.AppStore|x86.ActiveCfg = Release|x86
		{D7772F70-1762-4102-9083-444112B52657}.AppStore|x86.Build.0 = Release|x86
		{D7772F70-1762-4102-9083-444112B52657}.AppStore|x86.Deploy.0 = Release|x86
		{D7772F70-1762-4102-9083-444112B52657}.Debug|Any CPU.ActiveCfg = Debug|x86
		{D7772F70-1762-4102-9083-444112B52657}.Debug|ARM.ActiveCfg = Debug|ARM
		{D7772F70-1762-4102-9083-444112B52657}.Debug|ARM.Build.0 = Debug|ARM
		{D7772F70-1762-4102-9083-444112B52657}.Debug|ARM.Deploy.0 = Debug|ARM
		{D7772F70-1762-4102-9083-444112B52657}.Debug|iPhone.ActiveCfg = Debug|x86
		{D7772F70-1762-4102-9083-444112B52657}.Debug|iPhoneSimulator.ActiveCfg = Debug|x86
		{D7772F70-1762-4102-9083-444112B52657}.Debug|x64.ActiveCfg = Debug|x64
		{D7772F70-1762-4102-9083-444112B52657}.Debug|x64.Build.0 = Debug|x64
		{D7772F70-1762-4102-9083-444112B52657}.Debug|x64.Deploy.0 = Debug|x64
		{D7772F70-1762-4102-9083-444112B52657}.Debug|x86.ActiveCfg = Debug|x86
		{D7772F70-1762-4102-9083-444112B52657}.Debug|x86.Build.0 = Debug|x86
		{D7772F70-1762-4102-9083-444112B52657}.Debug|x86.Deploy.0 = Debug|x86
		{D7772F70-1762-4102-9083-444112B52657}.Release|Any CPU.ActiveCfg = Release|x86
		{D7772F70-1762-4102-9083-444112B52657}.Release|ARM.ActiveCfg = Release|ARM
		{D7772F70-1762-4102-9083-444112B52657}.Release|ARM.Build.0 = Release|ARM
		{D7772F70-1762-4102-9083-444112B52657}.Release|ARM.Deploy.0 = Release|ARM
		{D7772F70-1762-4102-9083-444112B52657}.Release|iPhone.ActiveCfg = Release|x86
		{D7772F70-1762-4102-9083-444112B52657}.Release|iPhoneSimulator.ActiveCfg = Release|x86
		{D7772F70-1762-4102-9083-444112B52657}.Release|x64.ActiveCfg = Release|x64
		{D7772F70-1762-4102-9083-444112B52657}.Release|x64.Build.0 = Release|x64
		{D7772F70-1762-4102-9083-444112B52657}.Release|x64.Deploy.0 = Release|x64
		{D7772F70-1762-4102-9083-444112B52657}.Release|x86.ActiveCfg = Release|x86
		{D7772F70-1762-4102-9083-444112B52657}.Release|x86.Build.0 = Release|x86
		{D7772F70-1762-4102-9083-444112B52657}.Release|x86.Deploy.0 = Release|x86
	EndGlobalSection
	GlobalSection(SolutionProperties) = preSolution
		HideSolutionNode = FALSE
	EndGlobalSection
EndGlobal
